
Microsoft Visual Studio Solution File, Format Version 12.00
# Visual Studio Version 17
VisualStudioVersion = 17.5.002.0
MinimumVisualStudioVersion = 10.0.40219.1
Project("{9A19103F-16F7-4668-BE54-9A1E7A4F7556}") = "FinalWork", "FinalWork.csproj", "{DA52D346-A4AE-49CC-A02A-E7625A20C76B}"
EndProject
Global
	GlobalSection(SolutionConfigurationPlatforms) = preSolution
		Debug|Any CPU = Debug|Any CPU
		Release|Any CPU = Release|Any CPU
	EndGlobalSection
	GlobalSection(ProjectConfigurationPlatforms) = postSolution
		{DA52D346-A4AE-49CC-A02A-E7625A20C76B}.Debug|Any CPU.ActiveCfg = Debug|Any CPU
		{DA52D346-A4AE-49CC-A02A-E7625A20C76B}.Debug|Any CPU.Build.0 = Debug|Any CPU
		{DA52D346-A4AE-49CC-A02A-E7625A20C76B}.Release|Any CPU.ActiveCfg = Release|Any CPU
		{DA52D346-A4AE-49CC-A02A-E7625A20C76B}.Release|Any CPU.Build.0 = Release|Any CPU
	EndGlobalSection
	GlobalSection(SolutionProperties) = preSolution
		HideSolutionNode = FALSE
	EndGlobalSection
	GlobalSection(ExtensibilityGlobals) = postSolution
		SolutionGuid = {8DC7F64F-178B-4C8B-8BEF-DCF2F853662C}
	EndGlobalSection
EndGlobal
